{
  "name": "sparkle",
  "version": "1.0.0",
  "lockfileVersion": 2,
  "requires": true,
  "packages": {
    "": {
      "name": "sparkle",
      "version": "1.0.0",
      "license": "ISC",
      "dependencies": {
        "@rails/actioncable": "^7.0.4-3"
      },
      "engines": {
        "node": "16.x"
      }
    },
    "node_modules/@rails/actioncable": {
      "version": "7.0.4-3",
      "resolved": "https://registry.npmjs.org/@rails/actioncable/-/actioncable-7.0.4-3.tgz",
      "integrity": "sha512-sqf+G/8UfoFbA8n0FwJ1Ysl5lnwRnhluWpJW50ERYAIEqeNmeADIs9J1de6S4Wp7KwmyavwzT3OSgMd9rwZ6lw=="
    }
  },
  "dependencies": {
    "@rails/actioncable": {
      "version": "7.0.4-3",
      "resolved": "https://registry.npmjs.org/@rails/actioncable/-/actioncable-7.0.4-3.tgz",
      "integrity": "sha512-sqf+G/8UfoFbA8n0FwJ1Ysl5lnwRnhluWpJW50ERYAIEqeNmeADIs9J1de6S4Wp7KwmyavwzT3OSgMd9rwZ6lw=="
    }
  }
}
